{
	"name": "@kramvas/embed_test",
	"version": "1.0.0",
	"lockfileVersion": 2,
	"requires": true,
	"packages": {
		"": {
			"name": "@kramvas/embed_test",
			"version": "1.0.0",
			"dependencies": {
				"@kramvas/embed_test": "^1.0.1"
			}
		},
		"node_modules/@kramvas/embed_test": {
			"version": "1.0.1",
			"resolved": "https://registry.npmjs.org/@kramvas/embed_test/-/embed_test-1.0.1.tgz",
			"integrity": "sha512-v6Gm5Gmk+kyL8sf6wD7w6eZwwTgLg0Embtuzs6pMGdBuei0kHyaF8cDP86zNiP6rlH83K5DGnxpTjI0PrF3osQ==",
			"dependencies": {
				"@kramvas/embed_test": "^1.0.0"
			}
		}
	},
	"dependencies": {
		"@kramvas/embed_test": {
			"version": "1.0.1",
			"resolved": "https://registry.npmjs.org/@kramvas/embed_test/-/embed_test-1.0.1.tgz",
			"integrity": "sha512-v6Gm5Gmk+kyL8sf6wD7w6eZwwTgLg0Embtuzs6pMGdBuei0kHyaF8cDP86zNiP6rlH83K5DGnxpTjI0PrF3osQ==",
			"requires": {
				"@kramvas/embed_test": "^1.0.0"
			}
		}
	}
}
