{
	"name": "@kramvas/embed_test",
	"version": "1.0.1",
	"lockfileVersion": 2,
	"requires": true,
	"packages": {
		"": {
			"name": "@kramvas/embed_test",
			"version": "1.0.1",
			"dependencies": {
				"@kramvas/embed_test": "^1.0.0"
			}
		},
		"node_modules/@kramvas/embed_test": {
			"version": "1.0.0",
			"resolved": "https://registry.npmjs.org/@kramvas/embed_test/-/embed_test-1.0.0.tgz",
			"integrity": "sha512-Ymh6HDHHC7PxmhWDnQihBF+0QZ8dn5hukLZZ7vsb1GTkNcf1+UbzvHLiD2nL7vhG+1vGkxYQq7PHnpeqAxovEg=="
		}
	},
	"dependencies": {
		"@kramvas/embed_test": {
			"version": "1.0.0",
			"resolved": "https://registry.npmjs.org/@kramvas/embed_test/-/embed_test-1.0.0.tgz",
			"integrity": "sha512-Ymh6HDHHC7PxmhWDnQihBF+0QZ8dn5hukLZZ7vsb1GTkNcf1+UbzvHLiD2nL7vhG+1vGkxYQq7PHnpeqAxovEg=="
		}
	}
}
